
Microsoft Visual Studio Solution File, Format Version 12.00
# Visual Studio Version 16
VisualStudioVersion = 16.0.30503.244
MinimumVisualStudioVersion = 10.0.40219.1
Project("{FAE04EC0-301F-11D3-BF4B-00C04F79EFBC}") = "AisInternalSystem", "AisInternalSystem\AisInternalSystem.csproj", "{FD34747B-6E94-4620-95C3-A16BB40C8CA3}"
EndProject
Project("{FAE04EC0-301F-11D3-BF4B-00C04F79EFBC}") = "Updater", "Updater\Updater.csproj", "{0AE5B823-EC95-47CD-A930-510CD2187CC8}"
EndProject
Project("{FAE04EC0-301F-11D3-BF4B-00C04F79EFBC}") = "AISTourProgram", "AISTourProgram\AISTourProgram.csproj", "{4F4B20A6-0095-499B-93F5-B144A7650C8C}"
EndProject
Project("{FAE04EC0-301F-11D3-BF4B-00C04F79EFBC}") = "AISTour", "AISTour\AISTour.csproj", "{0FAF6C6E-6270-4A14-913A-141D0603B874}"
EndProject
Global
	GlobalSection(SolutionConfigurationPlatforms) = preSolution
		Debug|Any CPU = Debug|Any CPU
		Release|Any CPU = Release|Any CPU
	EndGlobalSection
	GlobalSection(ProjectConfigurationPlatforms) = postSolution
		{FD34747B-6E94-4620-95C3-A16BB40C8CA3}.Debug|Any CPU.ActiveCfg = Debug|Any CPU
		{FD34747B-6E94-4620-95C3-A16BB40C8CA3}.Debug|Any CPU.Build.0 = Debug|Any CPU
		{FD34747B-6E94-4620-95C3-A16BB40C8CA3}.Release|Any CPU.ActiveCfg = Release|Any CPU
		{FD34747B-6E94-4620-95C3-A16BB40C8CA3}.Release|Any CPU.Build.0 = Release|Any CPU
		{0AE5B823-EC95-47CD-A930-510CD2187CC8}.Debug|Any CPU.ActiveCfg = Debug|Any CPU
		{0AE5B823-EC95-47CD-A930-510CD2187CC8}.Debug|Any CPU.Build.0 = Debug|Any CPU
		{0AE5B823-EC95-47CD-A930-510CD2187CC8}.Release|Any CPU.ActiveCfg = Release|Any CPU
		{0AE5B823-EC95-47CD-A930-510CD2187CC8}.Release|Any CPU.Build.0 = Release|Any CPU
		{4F4B20A6-0095-499B-93F5-B144A7650C8C}.Debug|Any CPU.ActiveCfg = Debug|Any CPU
		{4F4B20A6-0095-499B-93F5-B144A7650C8C}.Debug|Any CPU.Build.0 = Debug|Any CPU
		{4F4B20A6-0095-499B-93F5-B144A7650C8C}.Release|Any CPU.ActiveCfg = Release|Any CPU
		{4F4B20A6-0095-499B-93F5-B144A7650C8C}.Release|Any CPU.Build.0 = Release|Any CPU
		{0FAF6C6E-6270-4A14-913A-141D0603B874}.Debug|Any CPU.ActiveCfg = Debug|Any CPU
		{0FAF6C6E-6270-4A14-913A-141D0603B874}.Debug|Any CPU.Build.0 = Debug|Any CPU
		{0FAF6C6E-6270-4A14-913A-141D0603B874}.Release|Any CPU.ActiveCfg = Release|Any CPU
		{0FAF6C6E-6270-4A14-913A-141D0603B874}.Release|Any CPU.Build.0 = Release|Any CPU
	EndGlobalSection
	GlobalSection(SolutionProperties) = preSolution
		HideSolutionNode = FALSE
	EndGlobalSection
	GlobalSection(ExtensibilityGlobals) = postSolution
		SolutionGuid = {38AFF4C3-6072-48A3-9711-63D96DB11E8D}
	EndGlobalSection
EndGlobal
